
Microsoft Visual Studio Solution File, Format Version 12.00
# Visual Studio Version 16
VisualStudioVersion = 16.0.29424.173
MinimumVisualStudioVersion = 10.0.40219.1
Project("{FAE04EC0-301F-11D3-BF4B-00C04F79EFBC}") = "DebugTwo3", "DebugTwo3\DebugTwo3.csproj", "{CC62DAD4-1CE8-4622-B726-3202AC8FDFB9}"
EndProject
Global
	GlobalSection(SolutionConfigurationPlatforms) = preSolution
		Debug|Any CPU = Debug|Any CPU
		Release|Any CPU = Release|Any CPU
	EndGlobalSection
	GlobalSection(ProjectConfigurationPlatforms) = postSolution
		{CC62DAD4-1CE8-4622-B726-3202AC8FDFB9}.Debug|Any CPU.ActiveCfg = Debug|Any CPU
		{CC62DAD4-1CE8-4622-B726-3202AC8FDFB9}.Debug|Any CPU.Build.0 = Debug|Any CPU
		{CC62DAD4-1CE8-4622-B726-3202AC8FDFB9}.Release|Any CPU.ActiveCfg = Release|Any CPU
		{CC62DAD4-1CE8-4622-B726-3202AC8FDFB9}.Release|Any CPU.Build.0 = Release|Any CPU
	EndGlobalSection
	GlobalSection(SolutionProperties) = preSolution
		HideSolutionNode = FALSE
	EndGlobalSection
	GlobalSection(ExtensibilityGlobals) = postSolution
		SolutionGuid = {A7405088-E9DE-4475-9C4C-D8CF867AE81D}
	EndGlobalSection
EndGlobal
