
Microsoft Visual Studio Solution File, Format Version 12.00
# Visual Studio Version 16
VisualStudioVersion = 16.0.29424.173
MinimumVisualStudioVersion = 10.0.40219.1
Project("{FAE04EC0-301F-11D3-BF4B-00C04F79EFBC}") = "DebugTwo1", "DebugTwo1\DebugTwo1.csproj", "{5981C724-CA6F-42F0-9D5D-C47189B4A665}"
EndProject
Global
	GlobalSection(SolutionConfigurationPlatforms) = preSolution
		Debug|Any CPU = Debug|Any CPU
		Release|Any CPU = Release|Any CPU
	EndGlobalSection
	GlobalSection(ProjectConfigurationPlatforms) = postSolution
		{5981C724-CA6F-42F0-9D5D-C47189B4A665}.Debug|Any CPU.ActiveCfg = Debug|Any CPU
		{5981C724-CA6F-42F0-9D5D-C47189B4A665}.Debug|Any CPU.Build.0 = Debug|Any CPU
		{5981C724-CA6F-42F0-9D5D-C47189B4A665}.Release|Any CPU.ActiveCfg = Release|Any CPU
		{5981C724-CA6F-42F0-9D5D-C47189B4A665}.Release|Any CPU.Build.0 = Release|Any CPU
	EndGlobalSection
	GlobalSection(SolutionProperties) = preSolution
		HideSolutionNode = FALSE
	EndGlobalSection
	GlobalSection(ExtensibilityGlobals) = postSolution
		SolutionGuid = {F6A34EC5-DB27-462F-A1C2-C3D73FA5D11B}
	EndGlobalSection
EndGlobal
